
Microsoft Visual Studio Solution File, Format Version 12.00
# Visual Studio Version 17
VisualStudioVersion = 17.11.35312.102
MinimumVisualStudioVersion = 10.0.40219.1
Project("{FAE04EC0-301F-11D3-BF4B-00C04F79EFBC}") = "COM3D2.SaveDataExt.TwoFive", "COM3D2.SaveDataExt.TwoFive\COM3D2.SaveDataExt.TwoFive.csproj", "{ECF1CEC5-BFFB-4FD1-9049-6372FD6AD5BA}"
EndProject
Project("{FAE04EC0-301F-11D3-BF4B-00C04F79EFBC}") = "COM3D2.SaveDataExt", "COM3D2.SaveDataExt\COM3D2.SaveDataExt.csproj", "{815254FA-082C-4B7C-8851-1C676218AEB6}"
EndProject
Project("{D954291E-2A0B-460D-934E-DC6B0785DB48}") = "COM3D2.SaveDataExt.Core", "COM3D2.SaveDataExt.Core\COM3D2.SaveDataExt.Core.shproj", "{FC16180B-1714-4960-939C-294A50C0C0A2}"
EndProject
Global
	GlobalSection(SolutionConfigurationPlatforms) = preSolution
		Debug|Any CPU = Debug|Any CPU
		Release|Any CPU = Release|Any CPU
	EndGlobalSection
	GlobalSection(ProjectConfigurationPlatforms) = postSolution
		{ECF1CEC5-BFFB-4FD1-9049-6372FD6AD5BA}.Debug|Any CPU.ActiveCfg = Debug|Any CPU
		{ECF1CEC5-BFFB-4FD1-9049-6372FD6AD5BA}.Debug|Any CPU.Build.0 = Debug|Any CPU
		{ECF1CEC5-BFFB-4FD1-9049-6372FD6AD5BA}.Release|Any CPU.ActiveCfg = Release|Any CPU
		{ECF1CEC5-BFFB-4FD1-9049-6372FD6AD5BA}.Release|Any CPU.Build.0 = Release|Any CPU
		{815254FA-082C-4B7C-8851-1C676218AEB6}.Debug|Any CPU.ActiveCfg = Debug|Any CPU
		{815254FA-082C-4B7C-8851-1C676218AEB6}.Debug|Any CPU.Build.0 = Debug|Any CPU
		{815254FA-082C-4B7C-8851-1C676218AEB6}.Release|Any CPU.ActiveCfg = Release|Any CPU
		{815254FA-082C-4B7C-8851-1C676218AEB6}.Release|Any CPU.Build.0 = Release|Any CPU
	EndGlobalSection
	GlobalSection(SolutionProperties) = preSolution
		HideSolutionNode = FALSE
	EndGlobalSection
	GlobalSection(ExtensibilityGlobals) = postSolution
		SolutionGuid = {FB3C450B-2EA1-47B4-B971-F8C3EFEC384E}
	EndGlobalSection
	GlobalSection(SharedMSBuildProjectFiles) = preSolution
		COM3D2.SaveDataExt.Core\COM3D2.SaveDataExt.Core.projitems*{ecf1cec5-bffb-4fd1-9049-6372fd6ad5ba}*SharedItemsImports = 5
		COM3D2.SaveDataExt.Core\COM3D2.SaveDataExt.Core.projitems*{fc16180b-1714-4960-939c-294a50c0c0a2}*SharedItemsImports = 13
	EndGlobalSection
EndGlobal
